
Microsoft Visual Studio Solution File, Format Version 12.00
# Visual Studio Version 17
VisualStudioVersion = 17.6.33815.320
MinimumVisualStudioVersion = 10.0.40219.1
Project("{2150E333-8FDC-42A3-9474-1A3956D46DE8}") = "Docker", "Docker", "{4CB82E3B-D97E-4D98-8EB3-BA132A814408}"
	ProjectSection(SolutionItems) = preProject
		docker-compose.yml = docker-compose.yml
	EndProjectSection
EndProject
Project("{FAE04EC0-301F-11D3-BF4B-00C04F79EFBC}") = "AssaTest.Application", "AssaTest.Application\AssaTest.Application.csproj", "{1372E9F4-EA72-45B4-8210-DC5DF005E43A}"
EndProject
Project("{FAE04EC0-301F-11D3-BF4B-00C04F79EFBC}") = "AssaTest.Infrastruture", "AssaTest.Infrastruture\AssaTest.Infrastruture.csproj", "{AB741C68-A00A-4003-A69D-C1760D8FB1D8}"
EndProject
Project("{FAE04EC0-301F-11D3-BF4B-00C04F79EFBC}") = "AssaTest.Domain", "AssaTest.Domain\AssaTest.Domain.csproj", "{F9A0E5CC-F419-406C-A197-1C3C3277A31D}"
EndProject
Project("{FAE04EC0-301F-11D3-BF4B-00C04F79EFBC}") = "AssaTestXunit", "AssaTestXunit\AssaTestXunit.csproj", "{64723196-C4F3-45BC-A0A0-220840A298E0}"
EndProject
Global
	GlobalSection(SolutionConfigurationPlatforms) = preSolution
		Debug|Any CPU = Debug|Any CPU
		Release|Any CPU = Release|Any CPU
	EndGlobalSection
	GlobalSection(ProjectConfigurationPlatforms) = postSolution
		{1372E9F4-EA72-45B4-8210-DC5DF005E43A}.Debug|Any CPU.ActiveCfg = Debug|Any CPU
		{1372E9F4-EA72-45B4-8210-DC5DF005E43A}.Debug|Any CPU.Build.0 = Debug|Any CPU
		{1372E9F4-EA72-45B4-8210-DC5DF005E43A}.Release|Any CPU.ActiveCfg = Release|Any CPU
		{1372E9F4-EA72-45B4-8210-DC5DF005E43A}.Release|Any CPU.Build.0 = Release|Any CPU
		{AB741C68-A00A-4003-A69D-C1760D8FB1D8}.Debug|Any CPU.ActiveCfg = Debug|Any CPU
		{AB741C68-A00A-4003-A69D-C1760D8FB1D8}.Debug|Any CPU.Build.0 = Debug|Any CPU
		{AB741C68-A00A-4003-A69D-C1760D8FB1D8}.Release|Any CPU.ActiveCfg = Release|Any CPU
		{AB741C68-A00A-4003-A69D-C1760D8FB1D8}.Release|Any CPU.Build.0 = Release|Any CPU
		{F9A0E5CC-F419-406C-A197-1C3C3277A31D}.Debug|Any CPU.ActiveCfg = Debug|Any CPU
		{F9A0E5CC-F419-406C-A197-1C3C3277A31D}.Debug|Any CPU.Build.0 = Debug|Any CPU
		{F9A0E5CC-F419-406C-A197-1C3C3277A31D}.Release|Any CPU.ActiveCfg = Release|Any CPU
		{F9A0E5CC-F419-406C-A197-1C3C3277A31D}.Release|Any CPU.Build.0 = Release|Any CPU
		{64723196-C4F3-45BC-A0A0-220840A298E0}.Debug|Any CPU.ActiveCfg = Debug|Any CPU
		{64723196-C4F3-45BC-A0A0-220840A298E0}.Debug|Any CPU.Build.0 = Debug|Any CPU
		{64723196-C4F3-45BC-A0A0-220840A298E0}.Release|Any CPU.ActiveCfg = Release|Any CPU
		{64723196-C4F3-45BC-A0A0-220840A298E0}.Release|Any CPU.Build.0 = Release|Any CPU
	EndGlobalSection
	GlobalSection(SolutionProperties) = preSolution
		HideSolutionNode = FALSE
	EndGlobalSection
	GlobalSection(ExtensibilityGlobals) = postSolution
		SolutionGuid = {38786205-C7F4-4831-8A62-A98D3C69F878}
	EndGlobalSection
EndGlobal
